
Microsoft Visual Studio Solution File, Format Version 12.00
# Visual Studio Version 17
VisualStudioVersion = 17.4.33403.182
MinimumVisualStudioVersion = 10.0.40219.1
Project("{9A19103F-16F7-4668-BE54-9A1E7A4F7556}") = "method2Postgresql", "method2Postgresql\method2Postgresql.csproj", "{A2DF8A7A-ECEA-40DA-9C71-7B195E417CEC}"
EndProject
Global
	GlobalSection(SolutionConfigurationPlatforms) = preSolution
		Debug|Any CPU = Debug|Any CPU
		Release|Any CPU = Release|Any CPU
	EndGlobalSection
	GlobalSection(ProjectConfigurationPlatforms) = postSolution
		{A2DF8A7A-ECEA-40DA-9C71-7B195E417CEC}.Debug|Any CPU.ActiveCfg = Debug|Any CPU
		{A2DF8A7A-ECEA-40DA-9C71-7B195E417CEC}.Debug|Any CPU.Build.0 = Debug|Any CPU
		{A2DF8A7A-ECEA-40DA-9C71-7B195E417CEC}.Release|Any CPU.ActiveCfg = Release|Any CPU
		{A2DF8A7A-ECEA-40DA-9C71-7B195E417CEC}.Release|Any CPU.Build.0 = Release|Any CPU
	EndGlobalSection
	GlobalSection(SolutionProperties) = preSolution
		HideSolutionNode = FALSE
	EndGlobalSection
	GlobalSection(ExtensibilityGlobals) = postSolution
		SolutionGuid = {8B3DE625-0A9F-4316-AEB3-7DDF73287663}
	EndGlobalSection
EndGlobal
